
Microsoft Visual Studio Solution File, Format Version 12.00
# Visual Studio Version 16
VisualStudioVersion = 16.0.31129.286
MinimumVisualStudioVersion = 10.0.40219.1
Project("{2150E333-8FDC-42A3-9474-1A3956D46DE8}") = "Test", "Test", "{EF6BB4B3-127D-4224-A27B-57436EF01153}"
EndProject
Project("{2150E333-8FDC-42A3-9474-1A3956D46DE8}") = "Src", "Src", "{647E4837-C8C9-4CFF-AFB0-0B73BC7229BE}"
EndProject
Project("{2150E333-8FDC-42A3-9474-1A3956D46DE8}") = "Doc", "Doc", "{A824D8ED-82EC-4ED1-B1FA-4E9887DC8729}"
EndProject
Project("{2150E333-8FDC-42A3-9474-1A3956D46DE8}") = "Core", "Core", "{FF0D0749-D41A-4D3B-95E5-2F2DDDA9DA52}"
EndProject
Project("{2150E333-8FDC-42A3-9474-1A3956D46DE8}") = "Infrastructure", "Infrastructure", "{0CCBD234-A302-4938-BFF8-1FAD87FBA1DD}"
EndProject
Project("{2150E333-8FDC-42A3-9474-1A3956D46DE8}") = "Presentation", "Presentation", "{EDDB0E36-F8A6-460E-A7DE-D7A38DD081ED}"
EndProject
Project("{2150E333-8FDC-42A3-9474-1A3956D46DE8}") = "Common", "Common", "{3D706D94-574B-425E-969B-7DCCCC0C3137}"
EndProject
Project("{FAE04EC0-301F-11D3-BF4B-00C04F79EFBC}") = "MyStore.Domain", "MyStore.Domain\MyStore.Domain.csproj", "{B4C89D3C-3EBF-47F0-AE73-020F6443CD9A}"
EndProject
Project("{FAE04EC0-301F-11D3-BF4B-00C04F79EFBC}") = "MyStore.Application", "MyStore.Application\MyStore.Application.csproj", "{7ACC2E5B-33F1-4FC9-9493-DFBCCE8E0699}"
EndProject
Project("{FAE04EC0-301F-11D3-BF4B-00C04F79EFBC}") = "MyStore.Infrastructure", "MyStore.Infrastructure\MyStore.Infrastructure.csproj", "{1A0A0EE6-8674-42EE-A6BF-AD1826401D20}"
EndProject
Project("{FAE04EC0-301F-11D3-BF4B-00C04F79EFBC}") = "MyStore.Persistence", "MyStore.Persistence\MyStore.Persistence.csproj", "{F7D80C41-5044-497C-AD96-8CDDB06DC312}"
EndProject
Project("{FAE04EC0-301F-11D3-BF4B-00C04F79EFBC}") = "MyStore.Common", "MyStore.Common\MyStore.Common.csproj", "{7D41AB31-D0DC-471B-87EA-B19B4CEAC0CC}"
EndProject
Project("{FAE04EC0-301F-11D3-BF4B-00C04F79EFBC}") = "EndPoint.Site", "EndPoint.Site\EndPoint.Site.csproj", "{480A2EAA-C57E-445B-B22D-31728B5CABFE}"
EndProject
Global
	GlobalSection(SolutionConfigurationPlatforms) = preSolution
		Debug|Any CPU = Debug|Any CPU
		Release|Any CPU = Release|Any CPU
	EndGlobalSection
	GlobalSection(ProjectConfigurationPlatforms) = postSolution
		{B4C89D3C-3EBF-47F0-AE73-020F6443CD9A}.Debug|Any CPU.ActiveCfg = Debug|Any CPU
		{B4C89D3C-3EBF-47F0-AE73-020F6443CD9A}.Debug|Any CPU.Build.0 = Debug|Any CPU
		{B4C89D3C-3EBF-47F0-AE73-020F6443CD9A}.Release|Any CPU.ActiveCfg = Release|Any CPU
		{B4C89D3C-3EBF-47F0-AE73-020F6443CD9A}.Release|Any CPU.Build.0 = Release|Any CPU
		{7ACC2E5B-33F1-4FC9-9493-DFBCCE8E0699}.Debug|Any CPU.ActiveCfg = Debug|Any CPU
		{7ACC2E5B-33F1-4FC9-9493-DFBCCE8E0699}.Debug|Any CPU.Build.0 = Debug|Any CPU
		{7ACC2E5B-33F1-4FC9-9493-DFBCCE8E0699}.Release|Any CPU.ActiveCfg = Release|Any CPU
		{7ACC2E5B-33F1-4FC9-9493-DFBCCE8E0699}.Release|Any CPU.Build.0 = Release|Any CPU
		{1A0A0EE6-8674-42EE-A6BF-AD1826401D20}.Debug|Any CPU.ActiveCfg = Debug|Any CPU
		{1A0A0EE6-8674-42EE-A6BF-AD1826401D20}.Debug|Any CPU.Build.0 = Debug|Any CPU
		{1A0A0EE6-8674-42EE-A6BF-AD1826401D20}.Release|Any CPU.ActiveCfg = Release|Any CPU
		{1A0A0EE6-8674-42EE-A6BF-AD1826401D20}.Release|Any CPU.Build.0 = Release|Any CPU
		{F7D80C41-5044-497C-AD96-8CDDB06DC312}.Debug|Any CPU.ActiveCfg = Debug|Any CPU
		{F7D80C41-5044-497C-AD96-8CDDB06DC312}.Debug|Any CPU.Build.0 = Debug|Any CPU
		{F7D80C41-5044-497C-AD96-8CDDB06DC312}.Release|Any CPU.ActiveCfg = Release|Any CPU
		{F7D80C41-5044-497C-AD96-8CDDB06DC312}.Release|Any CPU.Build.0 = Release|Any CPU
		{7D41AB31-D0DC-471B-87EA-B19B4CEAC0CC}.Debug|Any CPU.ActiveCfg = Debug|Any CPU
		{7D41AB31-D0DC-471B-87EA-B19B4CEAC0CC}.Debug|Any CPU.Build.0 = Debug|Any CPU
		{7D41AB31-D0DC-471B-87EA-B19B4CEAC0CC}.Release|Any CPU.ActiveCfg = Release|Any CPU
		{7D41AB31-D0DC-471B-87EA-B19B4CEAC0CC}.Release|Any CPU.Build.0 = Release|Any CPU
		{480A2EAA-C57E-445B-B22D-31728B5CABFE}.Debug|Any CPU.ActiveCfg = Debug|Any CPU
		{480A2EAA-C57E-445B-B22D-31728B5CABFE}.Debug|Any CPU.Build.0 = Debug|Any CPU
		{480A2EAA-C57E-445B-B22D-31728B5CABFE}.Release|Any CPU.ActiveCfg = Release|Any CPU
		{480A2EAA-C57E-445B-B22D-31728B5CABFE}.Release|Any CPU.Build.0 = Release|Any CPU
	EndGlobalSection
	GlobalSection(SolutionProperties) = preSolution
		HideSolutionNode = FALSE
	EndGlobalSection
	GlobalSection(NestedProjects) = preSolution
		{FF0D0749-D41A-4D3B-95E5-2F2DDDA9DA52} = {647E4837-C8C9-4CFF-AFB0-0B73BC7229BE}
		{0CCBD234-A302-4938-BFF8-1FAD87FBA1DD} = {647E4837-C8C9-4CFF-AFB0-0B73BC7229BE}
		{EDDB0E36-F8A6-460E-A7DE-D7A38DD081ED} = {647E4837-C8C9-4CFF-AFB0-0B73BC7229BE}
		{3D706D94-574B-425E-969B-7DCCCC0C3137} = {647E4837-C8C9-4CFF-AFB0-0B73BC7229BE}
		{B4C89D3C-3EBF-47F0-AE73-020F6443CD9A} = {FF0D0749-D41A-4D3B-95E5-2F2DDDA9DA52}
		{7ACC2E5B-33F1-4FC9-9493-DFBCCE8E0699} = {FF0D0749-D41A-4D3B-95E5-2F2DDDA9DA52}
		{1A0A0EE6-8674-42EE-A6BF-AD1826401D20} = {0CCBD234-A302-4938-BFF8-1FAD87FBA1DD}
		{F7D80C41-5044-497C-AD96-8CDDB06DC312} = {0CCBD234-A302-4938-BFF8-1FAD87FBA1DD}
		{7D41AB31-D0DC-471B-87EA-B19B4CEAC0CC} = {3D706D94-574B-425E-969B-7DCCCC0C3137}
		{480A2EAA-C57E-445B-B22D-31728B5CABFE} = {EDDB0E36-F8A6-460E-A7DE-D7A38DD081ED}
	EndGlobalSection
	GlobalSection(ExtensibilityGlobals) = postSolution
		SolutionGuid = {0A84F1C5-3D99-4980-AD49-E158156F934E}
	EndGlobalSection
EndGlobal
